{
  "nodes": {
    "darwin": {
      "inputs": {
        "nixpkgs": [
          "nixpkgs-darwin"
        ]
      },
      "locked": {
        "lastModified": 1718345812,
        "narHash": "sha256-FJhA+YFsOFrAYe6EaiTEfomNf7jeURaPiG5/+a3DRSc=",
        "owner": "lnl7",
        "repo": "nix-darwin",
        "rev": "ff988d78f2f55641efacdf9a585d2937f7e32a9b",
        "type": "github"
      },
      "original": {
        "owner": "lnl7",
        "repo": "nix-darwin",
        "type": "github"
      }
    },
    "nixpkgs": {
      "locked": {
        "lastModified": 0,
        "narHash": "sha256-US1tAChvPxT52RV8GksWZS415tTS7PV42KTc2PNDBmc=",
        "path": "/nix/store/aa0zsahvyqnvzkicsh29jirm9hwv95pg-source",
        "type": "path"
      },
      "original": {
        "id": "nixpkgs",
        "type": "indirect"
      }
    },
    "nixpkgs-darwin": {
      "locked": {
        "lastModified": 1718146371,
        "narHash": "sha256-W3RNddq9jbuaLDzsXeCLrUXOm5U37ecPcuC4ifjmikM=",
        "owner": "nixos",
        "repo": "nixpkgs",
        "rev": "2975732531b5fa6e728f837c6f090335cbef5285",
        "type": "github"
      },
      "original": {
        "owner": "nixos",
        "ref": "nixpkgs-24.05-darwin",
        "repo": "nixpkgs",
        "type": "github"
      }
    },
    "root": {
      "inputs": {
        "darwin": "darwin",
        "nixpkgs": "nixpkgs",
        "nixpkgs-darwin": "nixpkgs-darwin"
      }
    }
  },
  "root": "root",
  "version": 7
}
